# THIS IS AN AUTOGENERATED FILE. DO NOT EDIT THIS FILE DIRECTLY.
# yarn lockfile v1


comment-parser@^0.7.4:
  version "0.7.4"
  resolved "https://registry.yarnpkg.com/comment-parser/-/comment-parser-0.7.4.tgz#f5eb83cbae323cae6533c057f41d52692361c83a"
  integrity sha512-Nnl77/mt6sj1BiYSVMeMWzvD0183F2MFOJyFRmZHimUVDYS9J40AvXpiFA7RpU5pQH+HkvYc0dnsHpwW2xmbyQ==

eslint-plugin-openapi-jsdoc@^0.0.1:
  version "0.0.1"
  resolved "https://registry.yarnpkg.com/eslint-plugin-openapi-jsdoc/-/eslint-plugin-openapi-jsdoc-0.0.1.tgz#f3ff24c38fbce5970c1eabbc19d624cf841b47aa"
  integrity sha512-sbkq0MhSsGzcaZX6WncUjViU98RTqVh3cpgFXT6Kdr4IjFlDuXQ7ikV3oSFQN+Zij8FipHN6GQJ7iujBgKQeRg==
  dependencies:
    comment-parser "^0.7.4"
