# THIS IS AN AUTOGENERATED FILE. DO NOT EDIT THIS FILE DIRECTLY.
# yarn lockfile v1


comment-parser@^0.7.4:
  version "0.7.4"
  resolved "https://registry.yarnpkg.com/comment-parser/-/comment-parser-0.7.4.tgz#f5eb83cbae323cae6533c057f41d52692361c83a"
  integrity sha512-Nnl77/mt6sj1BiYSVMeMWzvD0183F2MFOJyFRmZHimUVDYS9J40AvXpiFA7RpU5pQH+HkvYc0dnsHpwW2xmbyQ==
